
Microsoft Visual Studio Solution File, Format Version 12.00
# Visual Studio Version 17
VisualStudioVersion = 17.8.34511.84
MinimumVisualStudioVersion = 10.0.40219.1
Project("{FAE04EC0-301F-11D3-BF4B-00C04F79EFBC}") = "Opgave 3.3", "Opgave 3.3\Opgave 3.3.csproj", "{93014302-9C86-439B-A985-F667223B4088}"
EndProject
Global
	GlobalSection(SolutionConfigurationPlatforms) = preSolution
		Debug|Any CPU = Debug|Any CPU
		Release|Any CPU = Release|Any CPU
	EndGlobalSection
	GlobalSection(ProjectConfigurationPlatforms) = postSolution
		{93014302-9C86-439B-A985-F667223B4088}.Debug|Any CPU.ActiveCfg = Debug|Any CPU
		{93014302-9C86-439B-A985-F667223B4088}.Debug|Any CPU.Build.0 = Debug|Any CPU
		{93014302-9C86-439B-A985-F667223B4088}.Release|Any CPU.ActiveCfg = Release|Any CPU
		{93014302-9C86-439B-A985-F667223B4088}.Release|Any CPU.Build.0 = Release|Any CPU
	EndGlobalSection
	GlobalSection(SolutionProperties) = preSolution
		HideSolutionNode = FALSE
	EndGlobalSection
	GlobalSection(ExtensibilityGlobals) = postSolution
		SolutionGuid = {908B18B5-7F79-405C-9439-9BCECF755154}
	EndGlobalSection
EndGlobal
